
Microsoft Visual Studio Solution File, Format Version 12.00
# Visual Studio 14
VisualStudioVersion = 14.0.25420.1
MinimumVisualStudioVersion = 10.0.40219.1
Project("{FAE04EC0-301F-11D3-BF4B-00C04F79EFBC}") = "App", "App\App.csproj", "{E11242E2-9621-4140-BA10-5CDB9B794F16}"
EndProject
Project("{FAE04EC0-301F-11D3-BF4B-00C04F79EFBC}") = "SessionManager", "SessionManager\SessionManager.csproj", "{8C7C537E-322E-48C8-A4FB-3AD2523D2B2F}"
EndProject
Project("{FAE04EC0-301F-11D3-BF4B-00C04F79EFBC}") = "DataLayer1", "DataLayer1\DataLayer1.csproj", "{9932C7D2-0811-4408-97BD-C62EEC171847}"
EndProject
Project("{FAE04EC0-301F-11D3-BF4B-00C04F79EFBC}") = "CacheManager1", "CacheManager1\CacheManager1.csproj", "{6AB65B1F-21D1-44E1-AD0C-B746BF6E1E6B}"
EndProject
Project("{FAE04EC0-301F-11D3-BF4B-00C04F79EFBC}") = "GestionBasica", "GestionBasica\GestionBasica.csproj", "{23102E6F-17B5-494D-8315-2161C5E331F9}"
EndProject
Global
	GlobalSection(SolutionConfigurationPlatforms) = preSolution
		Debug|Any CPU = Debug|Any CPU
		Debug|x86 = Debug|x86
		Release|Any CPU = Release|Any CPU
		Release|x86 = Release|x86
	EndGlobalSection
	GlobalSection(ProjectConfigurationPlatforms) = postSolution
		{E11242E2-9621-4140-BA10-5CDB9B794F16}.Debug|Any CPU.ActiveCfg = Debug|Any CPU
		{E11242E2-9621-4140-BA10-5CDB9B794F16}.Debug|Any CPU.Build.0 = Debug|Any CPU
		{E11242E2-9621-4140-BA10-5CDB9B794F16}.Debug|x86.ActiveCfg = Debug|x86
		{E11242E2-9621-4140-BA10-5CDB9B794F16}.Debug|x86.Build.0 = Debug|x86
		{E11242E2-9621-4140-BA10-5CDB9B794F16}.Release|Any CPU.ActiveCfg = Release|Any CPU
		{E11242E2-9621-4140-BA10-5CDB9B794F16}.Release|Any CPU.Build.0 = Release|Any CPU
		{E11242E2-9621-4140-BA10-5CDB9B794F16}.Release|x86.ActiveCfg = Release|x86
		{E11242E2-9621-4140-BA10-5CDB9B794F16}.Release|x86.Build.0 = Release|x86
		{8C7C537E-322E-48C8-A4FB-3AD2523D2B2F}.Debug|Any CPU.ActiveCfg = Debug|Any CPU
		{8C7C537E-322E-48C8-A4FB-3AD2523D2B2F}.Debug|Any CPU.Build.0 = Debug|Any CPU
		{8C7C537E-322E-48C8-A4FB-3AD2523D2B2F}.Debug|x86.ActiveCfg = Debug|x86
		{8C7C537E-322E-48C8-A4FB-3AD2523D2B2F}.Debug|x86.Build.0 = Debug|x86
		{8C7C537E-322E-48C8-A4FB-3AD2523D2B2F}.Release|Any CPU.ActiveCfg = Release|Any CPU
		{8C7C537E-322E-48C8-A4FB-3AD2523D2B2F}.Release|Any CPU.Build.0 = Release|Any CPU
		{8C7C537E-322E-48C8-A4FB-3AD2523D2B2F}.Release|x86.ActiveCfg = Release|x86
		{8C7C537E-322E-48C8-A4FB-3AD2523D2B2F}.Release|x86.Build.0 = Release|x86
		{9932C7D2-0811-4408-97BD-C62EEC171847}.Debug|Any CPU.ActiveCfg = Debug|Any CPU
		{9932C7D2-0811-4408-97BD-C62EEC171847}.Debug|Any CPU.Build.0 = Debug|Any CPU
		{9932C7D2-0811-4408-97BD-C62EEC171847}.Debug|x86.ActiveCfg = Debug|x86
		{9932C7D2-0811-4408-97BD-C62EEC171847}.Debug|x86.Build.0 = Debug|x86
		{9932C7D2-0811-4408-97BD-C62EEC171847}.Release|Any CPU.ActiveCfg = Release|Any CPU
		{9932C7D2-0811-4408-97BD-C62EEC171847}.Release|Any CPU.Build.0 = Release|Any CPU
		{9932C7D2-0811-4408-97BD-C62EEC171847}.Release|x86.ActiveCfg = Release|x86
		{9932C7D2-0811-4408-97BD-C62EEC171847}.Release|x86.Build.0 = Release|x86
		{6AB65B1F-21D1-44E1-AD0C-B746BF6E1E6B}.Debug|Any CPU.ActiveCfg = Debug|Any CPU
		{6AB65B1F-21D1-44E1-AD0C-B746BF6E1E6B}.Debug|Any CPU.Build.0 = Debug|Any CPU
		{6AB65B1F-21D1-44E1-AD0C-B746BF6E1E6B}.Debug|x86.ActiveCfg = Debug|x86
		{6AB65B1F-21D1-44E1-AD0C-B746BF6E1E6B}.Debug|x86.Build.0 = Debug|x86
		{6AB65B1F-21D1-44E1-AD0C-B746BF6E1E6B}.Release|Any CPU.ActiveCfg = Release|Any CPU
		{6AB65B1F-21D1-44E1-AD0C-B746BF6E1E6B}.Release|Any CPU.Build.0 = Release|Any CPU
		{6AB65B1F-21D1-44E1-AD0C-B746BF6E1E6B}.Release|x86.ActiveCfg = Release|x86
		{6AB65B1F-21D1-44E1-AD0C-B746BF6E1E6B}.Release|x86.Build.0 = Release|x86
		{23102E6F-17B5-494D-8315-2161C5E331F9}.Debug|Any CPU.ActiveCfg = Debug|Any CPU
		{23102E6F-17B5-494D-8315-2161C5E331F9}.Debug|Any CPU.Build.0 = Debug|Any CPU
		{23102E6F-17B5-494D-8315-2161C5E331F9}.Debug|x86.ActiveCfg = Debug|Any CPU
		{23102E6F-17B5-494D-8315-2161C5E331F9}.Debug|x86.Build.0 = Debug|Any CPU
		{23102E6F-17B5-494D-8315-2161C5E331F9}.Release|Any CPU.ActiveCfg = Release|Any CPU
		{23102E6F-17B5-494D-8315-2161C5E331F9}.Release|Any CPU.Build.0 = Release|Any CPU
		{23102E6F-17B5-494D-8315-2161C5E331F9}.Release|x86.ActiveCfg = Release|Any CPU
		{23102E6F-17B5-494D-8315-2161C5E331F9}.Release|x86.Build.0 = Release|Any CPU
	EndGlobalSection
	GlobalSection(SolutionProperties) = preSolution
		HideSolutionNode = FALSE
	EndGlobalSection
EndGlobal
